
Microsoft Visual Studio Solution File, Format Version 12.00
# Visual Studio Version 17
VisualStudioVersion = 17.14.36408.4
MinimumVisualStudioVersion = 10.0.40219.1
Project("{FAE04EC0-301F-11D3-BF4B-00C04F79EFBC}") = "BillingSystem.Domain", "BillingSystem.Domain\BillingSystem.Domain.csproj", "{5310B2FE-E26D-414E-B656-1F74C5A70368}"
EndProject
Project("{FAE04EC0-301F-11D3-BF4B-00C04F79EFBC}") = "BillingSystem.Domain.Tests", "BillingSystem.Domain.Tests\BillingSystem.Domain.Tests.csproj", "{7971BDEC-EAD1-4FB8-A4F5-B1F67E4F6355}"
EndProject
Project("{FAE04EC0-301F-11D3-BF4B-00C04F79EFBC}") = "BillingSystem.Persistence", "BillingSystem.Persistence\BillingSystem.Persistence.csproj", "{50F3F93C-6688-4B4B-8B30-3BDF6FA4485F}"
EndProject
Project("{2150E333-8FDC-42A3-9474-1A3956D46DE8}") = "Solution Items", "Solution Items", "{8EC462FD-D22E-90A8-E5CE-7E832BA40C5D}"
	ProjectSection(SolutionItems) = preProject
		.gitignore = .gitignore
		README.md = README.md
	EndProjectSection
EndProject
Global
	GlobalSection(SolutionConfigurationPlatforms) = preSolution
		Debug|Any CPU = Debug|Any CPU
		Release|Any CPU = Release|Any CPU
	EndGlobalSection
	GlobalSection(ProjectConfigurationPlatforms) = postSolution
		{5310B2FE-E26D-414E-B656-1F74C5A70368}.Debug|Any CPU.ActiveCfg = Debug|Any CPU
		{5310B2FE-E26D-414E-B656-1F74C5A70368}.Debug|Any CPU.Build.0 = Debug|Any CPU
		{5310B2FE-E26D-414E-B656-1F74C5A70368}.Release|Any CPU.ActiveCfg = Release|Any CPU
		{5310B2FE-E26D-414E-B656-1F74C5A70368}.Release|Any CPU.Build.0 = Release|Any CPU
		{7971BDEC-EAD1-4FB8-A4F5-B1F67E4F6355}.Debug|Any CPU.ActiveCfg = Debug|Any CPU
		{7971BDEC-EAD1-4FB8-A4F5-B1F67E4F6355}.Debug|Any CPU.Build.0 = Debug|Any CPU
		{7971BDEC-EAD1-4FB8-A4F5-B1F67E4F6355}.Release|Any CPU.ActiveCfg = Release|Any CPU
		{7971BDEC-EAD1-4FB8-A4F5-B1F67E4F6355}.Release|Any CPU.Build.0 = Release|Any CPU
		{50F3F93C-6688-4B4B-8B30-3BDF6FA4485F}.Debug|Any CPU.ActiveCfg = Debug|Any CPU
		{50F3F93C-6688-4B4B-8B30-3BDF6FA4485F}.Debug|Any CPU.Build.0 = Debug|Any CPU
		{50F3F93C-6688-4B4B-8B30-3BDF6FA4485F}.Release|Any CPU.ActiveCfg = Release|Any CPU
		{50F3F93C-6688-4B4B-8B30-3BDF6FA4485F}.Release|Any CPU.Build.0 = Release|Any CPU
	EndGlobalSection
	GlobalSection(SolutionProperties) = preSolution
		HideSolutionNode = FALSE
	EndGlobalSection
	GlobalSection(ExtensibilityGlobals) = postSolution
		SolutionGuid = {729EF540-5CAC-4373-A88E-D6C447A22913}
	EndGlobalSection
EndGlobal
